
Microsoft Visual Studio Solution File, Format Version 12.00
# Visual Studio Version 17
VisualStudioVersion = 17.2.32616.157
MinimumVisualStudioVersion = 10.0.40219.1
Project("{FAE04EC0-301F-11D3-BF4B-00C04F79EFBC}") = "Activity13", "Activity13\Activity13.csproj", "{C992F920-069B-4E1B-95BA-EFCFCCA2EE2A}"
EndProject
Global
	GlobalSection(SolutionConfigurationPlatforms) = preSolution
		Debug|Any CPU = Debug|Any CPU
		Release|Any CPU = Release|Any CPU
	EndGlobalSection
	GlobalSection(ProjectConfigurationPlatforms) = postSolution
		{C992F920-069B-4E1B-95BA-EFCFCCA2EE2A}.Debug|Any CPU.ActiveCfg = Debug|Any CPU
		{C992F920-069B-4E1B-95BA-EFCFCCA2EE2A}.Debug|Any CPU.Build.0 = Debug|Any CPU
		{C992F920-069B-4E1B-95BA-EFCFCCA2EE2A}.Release|Any CPU.ActiveCfg = Release|Any CPU
		{C992F920-069B-4E1B-95BA-EFCFCCA2EE2A}.Release|Any CPU.Build.0 = Release|Any CPU
	EndGlobalSection
	GlobalSection(SolutionProperties) = preSolution
		HideSolutionNode = FALSE
	EndGlobalSection
	GlobalSection(ExtensibilityGlobals) = postSolution
		SolutionGuid = {3F265B51-EB55-461D-B684-9F5704A954E6}
	EndGlobalSection
EndGlobal
