
Microsoft Visual Studio Solution File, Format Version 12.00
# Visual Studio Version 17
VisualStudioVersion = 17.2.32616.157
MinimumVisualStudioVersion = 10.0.40219.1
Project("{FAE04EC0-301F-11D3-BF4B-00C04F79EFBC}") = "Activity5", "Activity5\Activity5.csproj", "{F83E0879-C656-49EB-BB91-93AC9B3EA64F}"
EndProject
Global
	GlobalSection(SolutionConfigurationPlatforms) = preSolution
		Debug|Any CPU = Debug|Any CPU
		Release|Any CPU = Release|Any CPU
	EndGlobalSection
	GlobalSection(ProjectConfigurationPlatforms) = postSolution
		{F83E0879-C656-49EB-BB91-93AC9B3EA64F}.Debug|Any CPU.ActiveCfg = Debug|Any CPU
		{F83E0879-C656-49EB-BB91-93AC9B3EA64F}.Debug|Any CPU.Build.0 = Debug|Any CPU
		{F83E0879-C656-49EB-BB91-93AC9B3EA64F}.Release|Any CPU.ActiveCfg = Release|Any CPU
		{F83E0879-C656-49EB-BB91-93AC9B3EA64F}.Release|Any CPU.Build.0 = Release|Any CPU
	EndGlobalSection
	GlobalSection(SolutionProperties) = preSolution
		HideSolutionNode = FALSE
	EndGlobalSection
	GlobalSection(ExtensibilityGlobals) = postSolution
		SolutionGuid = {5B1429B1-6FA9-4B5D-853F-289A63161894}
	EndGlobalSection
EndGlobal
