
Microsoft Visual Studio Solution File, Format Version 12.00
# Visual Studio Version 17
VisualStudioVersion = 17.2.32616.157
MinimumVisualStudioVersion = 10.0.40219.1
Project("{FAE04EC0-301F-11D3-BF4B-00C04F79EFBC}") = "Activity10", "Activity10\Activity10.csproj", "{CBA00F2A-C869-4D7B-A487-0048B175DADF}"
EndProject
Global
	GlobalSection(SolutionConfigurationPlatforms) = preSolution
		Debug|Any CPU = Debug|Any CPU
		Release|Any CPU = Release|Any CPU
	EndGlobalSection
	GlobalSection(ProjectConfigurationPlatforms) = postSolution
		{CBA00F2A-C869-4D7B-A487-0048B175DADF}.Debug|Any CPU.ActiveCfg = Debug|Any CPU
		{CBA00F2A-C869-4D7B-A487-0048B175DADF}.Debug|Any CPU.Build.0 = Debug|Any CPU
		{CBA00F2A-C869-4D7B-A487-0048B175DADF}.Release|Any CPU.ActiveCfg = Release|Any CPU
		{CBA00F2A-C869-4D7B-A487-0048B175DADF}.Release|Any CPU.Build.0 = Release|Any CPU
	EndGlobalSection
	GlobalSection(SolutionProperties) = preSolution
		HideSolutionNode = FALSE
	EndGlobalSection
	GlobalSection(ExtensibilityGlobals) = postSolution
		SolutionGuid = {21F9D2D2-7F10-4B0D-9D3E-67B3D03CB066}
	EndGlobalSection
EndGlobal
