
Microsoft Visual Studio Solution File, Format Version 12.00
# Visual Studio Version 17
VisualStudioVersion = 17.2.32616.157
MinimumVisualStudioVersion = 10.0.40219.1
Project("{FAE04EC0-301F-11D3-BF4B-00C04F79EFBC}") = "Activity1", "Activity1\Activity1.csproj", "{88001F70-C7B4-4B5B-98F6-9FE28E8CA480}"
EndProject
Global
	GlobalSection(SolutionConfigurationPlatforms) = preSolution
		Debug|Any CPU = Debug|Any CPU
		Release|Any CPU = Release|Any CPU
	EndGlobalSection
	GlobalSection(ProjectConfigurationPlatforms) = postSolution
		{88001F70-C7B4-4B5B-98F6-9FE28E8CA480}.Debug|Any CPU.ActiveCfg = Debug|Any CPU
		{88001F70-C7B4-4B5B-98F6-9FE28E8CA480}.Debug|Any CPU.Build.0 = Debug|Any CPU
		{88001F70-C7B4-4B5B-98F6-9FE28E8CA480}.Release|Any CPU.ActiveCfg = Release|Any CPU
		{88001F70-C7B4-4B5B-98F6-9FE28E8CA480}.Release|Any CPU.Build.0 = Release|Any CPU
	EndGlobalSection
	GlobalSection(SolutionProperties) = preSolution
		HideSolutionNode = FALSE
	EndGlobalSection
	GlobalSection(ExtensibilityGlobals) = postSolution
		SolutionGuid = {D0BCDE35-99FA-400E-A936-3C77CE147F43}
	EndGlobalSection
EndGlobal
