
Microsoft Visual Studio Solution File, Format Version 12.00
# Visual Studio Version 17
VisualStudioVersion = 17.2.32616.157
MinimumVisualStudioVersion = 10.0.40219.1
Project("{FAE04EC0-301F-11D3-BF4B-00C04F79EFBC}") = "Activity9", "Activity9\Activity9.csproj", "{253202AE-4CE6-499A-A6E8-5F690D62F51F}"
EndProject
Global
	GlobalSection(SolutionConfigurationPlatforms) = preSolution
		Debug|Any CPU = Debug|Any CPU
		Release|Any CPU = Release|Any CPU
	EndGlobalSection
	GlobalSection(ProjectConfigurationPlatforms) = postSolution
		{253202AE-4CE6-499A-A6E8-5F690D62F51F}.Debug|Any CPU.ActiveCfg = Debug|Any CPU
		{253202AE-4CE6-499A-A6E8-5F690D62F51F}.Debug|Any CPU.Build.0 = Debug|Any CPU
		{253202AE-4CE6-499A-A6E8-5F690D62F51F}.Release|Any CPU.ActiveCfg = Release|Any CPU
		{253202AE-4CE6-499A-A6E8-5F690D62F51F}.Release|Any CPU.Build.0 = Release|Any CPU
	EndGlobalSection
	GlobalSection(SolutionProperties) = preSolution
		HideSolutionNode = FALSE
	EndGlobalSection
	GlobalSection(ExtensibilityGlobals) = postSolution
		SolutionGuid = {8C050C21-F4DC-41B5-AFF2-279B8268086D}
	EndGlobalSection
EndGlobal
