
Microsoft Visual Studio Solution File, Format Version 12.00
# Visual Studio Version 17
VisualStudioVersion = 17.2.32616.157
MinimumVisualStudioVersion = 10.0.40219.1
Project("{FAE04EC0-301F-11D3-BF4B-00C04F79EFBC}") = "MilestoneProject", "MilestoneProject\MilestoneProject.csproj", "{F48E6AAF-DE37-4D69-BE16-EBE75FC3484E}"
EndProject
Global
	GlobalSection(SolutionConfigurationPlatforms) = preSolution
		Debug|Any CPU = Debug|Any CPU
		Release|Any CPU = Release|Any CPU
	EndGlobalSection
	GlobalSection(ProjectConfigurationPlatforms) = postSolution
		{F48E6AAF-DE37-4D69-BE16-EBE75FC3484E}.Debug|Any CPU.ActiveCfg = Debug|Any CPU
		{F48E6AAF-DE37-4D69-BE16-EBE75FC3484E}.Debug|Any CPU.Build.0 = Debug|Any CPU
		{F48E6AAF-DE37-4D69-BE16-EBE75FC3484E}.Release|Any CPU.ActiveCfg = Release|Any CPU
		{F48E6AAF-DE37-4D69-BE16-EBE75FC3484E}.Release|Any CPU.Build.0 = Release|Any CPU
	EndGlobalSection
	GlobalSection(SolutionProperties) = preSolution
		HideSolutionNode = FALSE
	EndGlobalSection
	GlobalSection(ExtensibilityGlobals) = postSolution
		SolutionGuid = {A373B3EF-FCCC-46B8-AE6E-7354BF3E6FAA}
	EndGlobalSection
EndGlobal
